
Microsoft Visual Studio Solution File, Format Version 12.00
# Visual Studio 15
VisualStudioVersion = 15.0.28307.489
MinimumVisualStudioVersion = 10.0.40219.1
Project("{FAE04EC0-301F-11D3-BF4B-00C04F79EFBC}") = "DB", "DB\DB.csproj", "{B6E3819F-A484-4989-AEAC-A7AD11778C52}"
EndProject
Global
	GlobalSection(SolutionConfigurationPlatforms) = preSolution
		Debug|Any CPU = Debug|Any CPU
		Debug|x64 = Debug|x64
		Debug|x86 = Debug|x86
		Release|Any CPU = Release|Any CPU
		Release|x64 = Release|x64
		Release|x86 = Release|x86
	EndGlobalSection
	GlobalSection(ProjectConfigurationPlatforms) = postSolution
		{B6E3819F-A484-4989-AEAC-A7AD11778C52}.Debug|Any CPU.ActiveCfg = Debug|Any CPU
		{B6E3819F-A484-4989-AEAC-A7AD11778C52}.Debug|Any CPU.Build.0 = Debug|Any CPU
		{B6E3819F-A484-4989-AEAC-A7AD11778C52}.Debug|x64.ActiveCfg = Debug|x64
		{B6E3819F-A484-4989-AEAC-A7AD11778C52}.Debug|x64.Build.0 = Debug|x64
		{B6E3819F-A484-4989-AEAC-A7AD11778C52}.Debug|x86.ActiveCfg = Debug|x86
		{B6E3819F-A484-4989-AEAC-A7AD11778C52}.Debug|x86.Build.0 = Debug|x86
		{B6E3819F-A484-4989-AEAC-A7AD11778C52}.Release|Any CPU.ActiveCfg = Release|Any CPU
		{B6E3819F-A484-4989-AEAC-A7AD11778C52}.Release|Any CPU.Build.0 = Release|Any CPU
		{B6E3819F-A484-4989-AEAC-A7AD11778C52}.Release|x64.ActiveCfg = Release|x64
		{B6E3819F-A484-4989-AEAC-A7AD11778C52}.Release|x64.Build.0 = Release|x64
		{B6E3819F-A484-4989-AEAC-A7AD11778C52}.Release|x86.ActiveCfg = Release|x86
		{B6E3819F-A484-4989-AEAC-A7AD11778C52}.Release|x86.Build.0 = Release|x86
	EndGlobalSection
	GlobalSection(SolutionProperties) = preSolution
		HideSolutionNode = FALSE
	EndGlobalSection
	GlobalSection(ExtensibilityGlobals) = postSolution
		SolutionGuid = {CE7BF9B7-10BE-4861-918A-60D45931D72B}
	EndGlobalSection
EndGlobal
